
Microsoft Visual Studio Solution File, Format Version 12.00
# Visual Studio 15
VisualStudioVersion = 15.0.28307.329
MinimumVisualStudioVersion = 10.0.40219.1
Project("{FAE04EC0-301F-11D3-BF4B-00C04F79EFBC}") = "FactoriawithlRecursion", "FactoriawithlRecursion.csproj", "{EC95E525-A5AF-4A6E-B1E5-3453B90252A4}"
EndProject
Global
	GlobalSection(SolutionConfigurationPlatforms) = preSolution
		Debug|Any CPU = Debug|Any CPU
		Release|Any CPU = Release|Any CPU
	EndGlobalSection
	GlobalSection(ProjectConfigurationPlatforms) = postSolution
		{EC95E525-A5AF-4A6E-B1E5-3453B90252A4}.Debug|Any CPU.ActiveCfg = Debug|Any CPU
		{EC95E525-A5AF-4A6E-B1E5-3453B90252A4}.Debug|Any CPU.Build.0 = Debug|Any CPU
		{EC95E525-A5AF-4A6E-B1E5-3453B90252A4}.Release|Any CPU.ActiveCfg = Release|Any CPU
		{EC95E525-A5AF-4A6E-B1E5-3453B90252A4}.Release|Any CPU.Build.0 = Release|Any CPU
	EndGlobalSection
	GlobalSection(SolutionProperties) = preSolution
		HideSolutionNode = FALSE
	EndGlobalSection
	GlobalSection(ExtensibilityGlobals) = postSolution
		SolutionGuid = {FF39CBA9-88D4-4F7B-ADAF-739016FE3E28}
	EndGlobalSection
EndGlobal
